// !$*UTF8*$!
{
	archiveVersion = 1;
	classes = {
	};
	objectVersion = 46;
	objects = {

/* Begin PBXBuildFile section */
		9FF235C81CF5DE9F0007935A /* AppDelegate.swift in Sources */ = {isa = PBXBuildFile; fileRef = 9FF235C71CF5DE9F0007935A /* AppDelegate.swift */; };
		9FF235CA1CF5DE9F0007935A /* ViewController.swift in Sources */ = {isa = PBXBuildFile; fileRef = 9FF235C91CF5DE9F0007935A /* ViewController.swift */; };
		9FF235CD1CF5DE9F0007935A /* Main.storyboard in Resources */ = {isa = PBXBuildFile; fileRef = 9FF235CB1CF5DE9F0007935A /* Main.storyboard */; };
		9FF235CF1CF5DE9F0007935A /* Assets.xcassets in Resources */ = {isa = PBXBuildFile; fileRef = 9FF235CE1CF5DE9F0007935A /* Assets.xcassets */; };
		9FF235D21CF5DE9F0007935A /* LaunchScreen.storyboard in Resources */ = {isa = PBXBuildFile; fileRef = 9FF235D01CF5DE9F0007935A /* LaunchScreen.storyboard */; };
/* End PBXBuildFile section */

/* Begin PBXFileReference section */
		9FF235C41CF5DE9F0007935A /* autolayout exercise.app */ = {isa = PBXFileReference; explicitFileType = wrapper.application; includeInIndex = 0; path = "autolayout exercise.app"; sourceTree = BUILT_PRODUCTS_DIR; };
		9FF235C71CF5DE9F0007935A /* AppDelegate.swift */ = {isa = PBXFileReference; lastKnownFileType = sourcecode.swift; path = AppDelegate.swift; sourceTree = "<group>"; };
		9FF235C91CF5DE9F0007935A /* ViewController.swift */ = {isa = PBXFileReference; lastKnownFileType = sourcecode.swift; path = ViewController.swift; sourceTree = "<group>"; };
		9FF235CC1CF5DE9F0007935A /* Base */ = {isa = PBXFileReference; lastKnownFileType = file.storyboard; name = Base; path = Base.lproj/Main.storyboard; sourceTree = "<group>"; };
		9FF235CE1CF5DE9F0007935A /* Assets.xcassets */ = {isa = PBXFileReference; lastKnownFileType = folder.assetcatalog; path = Assets.xcassets; sourceTree = "<group>"; };
		9FF235D11CF5DE9F0007935A /* Base */ = {isa = PBXFileReference; lastKnownFileType = file.storyboard; name = Base; path = Base.lproj/LaunchScreen.storyboard; sourceTree = "<group>"; };
		9FF235D31CF5DE9F0007935A /* Info.plist */ = {isa = PBXFileReference; lastKnownFileType = text.plist.xml; path = Info.plist; sourceTree = "<group>"; };
/* End PBXFileReference section */

/* Begin PBXFrameworksBuildPhase section */
		9FF235C11CF5DE9F0007935A /* Frameworks */ = {
			isa = PBXFrameworksBuildPhase;
			buildActionMask = 2147483647;
			files = (
			);
			runOnlyForDeploymentPostprocessing = 0;
		};
/* End PBXFrameworksBuildPhase section */

/* Begin PBXGroup section */
		9FF235BB1CF5DE9F0007935A = {
			isa = PBXGroup;
			children = (
				9FF235C61CF5DE9F0007935A /* autolayout exercise */,
				9FF235C51CF5DE9F0007935A /* Products */,
			);
			sourceTree = "<group>";
		};
		9FF235C51CF5DE9F0007935A /* Products */ = {
			isa = PBXGroup;
			children = (
				9FF235C41CF5DE9F0007935A /* autolayout exercise.app */,
			);
			name = Products;
			sourceTree = "<group>";
		};
		9FF235C61CF5DE9F0007935A /* autolayout exercise */ = {
			isa = PBXGroup;
			children = (
				9FF235C71CF5DE9F0007935A /* AppDelegate.swift */,
				9FF235C91CF5DE9F0007935A /* ViewController.swift */,
				9FF235CB1CF5DE9F0007935A /* Main.storyboard */,
				9FF235CE1CF5DE9F0007935A /* Assets.xcassets */,
				9FF235D01CF5DE9F0007935A /* LaunchScreen.storyboard */,
				9FF235D31CF5DE9F0007935A /* Info.plist */,
			);
			path = "autolayout exercise";
			sourceTree = "<group>";
		};
/* End PBXGroup section */

/* Begin PBXNativeTarget section */
		9FF235C31CF5DE9F0007935A /* autolayout exercise */ = {
			isa = PBXNativeTarget;
			buildConfigurationList = 9FF235D61CF5DE9F0007935A /* Build configuration list for PBXNativeTarget "autolayout exercise" */;
			buildPhases = (
				9FF235C01CF5DE9F0007935A /* Sources */,
				9FF235C11CF5DE9F0007935A /* Frameworks */,
				9FF235C21CF5DE9F0007935A /* Resources */,
			);
			buildRules = (
			);
			dependencies = (
			);
			name = "autolayout exercise";
			productName = "autolayout exercise";
			productReference = 9FF235C41CF5DE9F0007935A /* autolayout exercise.app */;
			productType = "com.apple.product-type.application";
		};
/* End PBXNativeTarget section */

/* Begin PBXProject section */
		9FF235BC1CF5DE9F0007935A /* Project object */ = {
			isa = PBXProject;
			attributes = {
				LastSwiftUpdateCheck = 0730;
				LastUpgradeCheck = 0730;
				ORGANIZATIONNAME = "張智涵 Vincent Chang";
				TargetAttributes = {
					9FF235C31CF5DE9F0007935A = {
						CreatedOnToolsVersion = 7.3.1;
					};
				};
			};
			buildConfigurationList = 9FF235BF1CF5DE9F0007935A /* Build configuration list for PBXProject "autolayout exercise" */;
			compatibilityVersion = "Xcode 3.2";
			developmentRegion = English;
			hasScannedForEncodings = 0;
			knownRegions = (
				en,
				Base,
			);
			mainGroup = 9FF235BB1CF5DE9F0007935A;
			productRefGroup = 9FF235C51CF5DE9F0007935A /* Products */;
			projectDirPath = "";
			projectRoot = "";
			targets = (
				9FF235C31CF5DE9F0007935A /* autolayout exercise */,
			);
		};
/* End PBXProject section */

/* Begin PBXResourcesBuildPhase section */
		9FF235C21CF5DE9F0007935A /* Resources */ = {
			isa = PBXResourcesBuildPhase;
			buildActionMask = 2147483647;
			files = (
				9FF235D21CF5DE9F0007935A /* LaunchScreen.storyboard in Resources */,
				9FF235CF1CF5DE9F0007935A /* Assets.xcassets in Resources */,
				9FF235CD1CF5DE9F0007935A /* Main.storyboard in Resources */,
			);
			runOnlyForDeploymentPostprocessing = 0;
		};
/* End PBXResourcesBuildPhase section */

/* Begin PBXSourcesBuildPhase section */
		9FF235C01CF5DE9F0007935A /* Sources */ = {
			isa = PBXSourcesBuildPhase;
			buildActionMask = 2147483647;
			files = (
				9FF235CA1CF5DE9F0007935A /* ViewController.swift in Sources */,
				9FF235C81CF5DE9F0007935A /* AppDelegate.swift in Sources */,
			);
			runOnlyForDeploymentPostprocessing = 0;
		};
/* End PBXSourcesBuildPhase section */

/* Begin PBXVariantGroup section */
		9FF235CB1CF5DE9F0007935A /* Main.storyboard */ = {
			isa = PBXVariantGroup;
			children = (
				9FF235CC1CF5DE9F0007935A /* Base */,
			);
			name = Main.storyboard;
			sourceTree = "<group>";
		};
		9FF235D01CF5DE9F0007935A /* LaunchScreen.storyboard */ = {
			isa = PBXVariantGroup;
			children = (
				9FF235D11CF5DE9F0007935A /* Base */,
			);
			name = LaunchScreen.storyboard;
			sourceTree = "<group>";
		};
/* End PBXVariantGroup section */

/* Begin XCBuildConfiguration section */
		9FF235D41CF5DE9F0007935A /* Debug */ = {
			isa = XCBuildConfiguration;
			buildSettings = {
				ALWAYS_SEARCH_USER_PATHS = NO;
				CLANG_ANALYZER_NONNULL = YES;
				CLANG_CXX_LANGUAGE_STANDARD = "gnu++0x";
				CLANG_CXX_LIBRARY = "libc++";
				CLANG_ENABLE_MODULES = YES;
				CLANG_ENABLE_OBJC_ARC = YES;
				CLANG_WARN_BOOL_CONVERSION = YES;
				CLANG_WARN_CONSTANT_CONVERSION = YES;
				CLANG_WARN_DIRECT_OBJC_ISA_USAGE = YES_ERROR;
				CLANG_WARN_EMPTY_BODY = YES;
				CLANG_WARN_ENUM_CONVERSION = YES;
				CLANG_WARN_INT_CONVERSION = YES;
				CLANG_WARN_OBJC_ROOT_CLASS = YES_ERROR;
				CLANG_WARN_UNREACHABLE_CODE = YES;
				CLANG_WARN__DUPLICATE_METHOD_MATCH = YES;
				"CODE_SIGN_IDENTITY[sdk=iphoneos*]" = "iPhone Developer";
				COPY_PHASE_STRIP = NO;
				DEBUG_INFORMATION_FORMAT = dwarf;
				ENABLE_STRICT_OBJC_MSGSEND = YES;
				ENABLE_TESTABILITY = YES;
				GCC_C_LANGUAGE_STANDARD = gnu99;
				GCC_DYNAMIC_NO_PIC = NO;
				GCC_NO_COMMON_BLOCKS = YES;
				GCC_OPTIMIZATION_LEVEL = 0;
				GCC_PREPROCESSOR_DEFINITIONS = (
					"DEBUG=1",
					"$(inherited)",
				);
				GCC_WARN_64_TO_32_BIT_CONVERSION = YES;
				GCC_WARN_ABOUT_RETURN_TYPE = YES_ERROR;
				GCC_WARN_UNDECLARED_SELECTOR = YES;
				GCC_WARN_UNINITIALIZED_AUTOS = YES_AGGRESSIVE;
				GCC_WARN_UNUSED_FUNCTION = YES;
				GCC_WARN_UNUSED_VARIABLE = YES;
				IPHONEOS_DEPLOYMENT_TARGET = 9.3;
				MTL_ENABLE_DEBUG_INFO = YES;
				ONLY_ACTIVE_ARCH = YES;
				SDKROOT = iphoneos;
				SWIFT_OPTIMIZATION_LEVEL = "-Onone";
				TARGETED_DEVICE_FAMILY = "1,2";
			};
			name = Debug;
		};
		9FF235D51CF5DE9F0007935A /* Release */ = {
			isa = XCBuildConfiguration;
			buildSettings = {
				ALWAYS_SEARCH_USER_PATHS = NO;
				CLANG_ANALYZER_NONNULL = YES;
				CLANG_CXX_LANGUAGE_STANDARD = "gnu++0x";
				CLANG_CXX_LIBRARY = "libc++";
				CLANG_ENABLE_MODULES = YES;
				CLANG_ENABLE_OBJC_ARC = YES;
				CLANG_WARN_BOOL_CONVERSION = YES;
				CLANG_WARN_CONSTANT_CONVERSION = YES;
				CLANG_WARN_DIRECT_OBJC_ISA_USAGE = YES_ERROR;
				CLANG_WARN_EMPTY_BODY = YES;
				CLANG_WARN_ENUM_CONVERSION = YES;
				CLANG_WARN_INT_CONVERSION = YES;
				CLANG_WARN_OBJC_ROOT_CLASS = YES_ERROR;
				CLANG_WARN_UNREACHABLE_CODE = YES;
				CLANG_WARN__DUPLICATE_METHOD_MATCH = YES;
				"CODE_SIGN_IDENTITY[sdk=iphoneos*]" = "iPhone Developer";
				COPY_PHASE_STRIP = NO;
				DEBUG_INFORMATION_FORMAT = "dwarf-with-dsym";
				ENABLE_NS_ASSERTIONS = NO;
				ENABLE_STRICT_OBJC_MSGSEND = YES;
				GCC_C_LANGUAGE_STANDARD = gnu99;
				GCC_NO_COMMON_BLOCKS = YES;
				GCC_WARN_64_TO_32_BIT_CONVERSION = YES;
				GCC_WARN_ABOUT_RETURN_TYPE = YES_ERROR;
				GCC_WARN_UNDECLARED_SELECTOR = YES;
				GCC_WARN_UNINITIALIZED_AUTOS = YES_AGGRESSIVE;
				GCC_WARN_UNUSED_FUNCTION = YES;
				GCC_WARN_UNUSED_VARIABLE = YES;
				IPHONEOS_DEPLOYMENT_TARGET = 9.3;
				MTL_ENABLE_DEBUG_INFO = NO;
				SDKROOT = iphoneos;
				TARGETED_DEVICE_FAMILY = "1,2";
				VALIDATE_PRODUCT = YES;
			};
			name = Release;
		};
		9FF235D71CF5DE9F0007935A /* Debug */ = {
			isa = XCBuildConfiguration;
			buildSettings = {
				ASSETCATALOG_COMPILER_APPICON_NAME = AppIcon;
				INFOPLIST_FILE = "autolayout exercise/Info.plist";
				LD_RUNPATH_SEARCH_PATHS = "$(inherited) @executable_path/Frameworks";
				PRODUCT_BUNDLE_IDENTIFIER = "co.Alphacamp.autolayout-exercise";
				PRODUCT_NAME = "$(TARGET_NAME)";
			};
			name = Debug;
		};
		9FF235D81CF5DE9F0007935A /* Release */ = {
			isa = XCBuildConfiguration;
			buildSettings = {
				ASSETCATALOG_COMPILER_APPICON_NAME = AppIcon;
				INFOPLIST_FILE = "autolayout exercise/Info.plist";
				LD_RUNPATH_SEARCH_PATHS = "$(inherited) @executable_path/Frameworks";
				PRODUCT_BUNDLE_IDENTIFIER = "co.Alphacamp.autolayout-exercise";
				PRODUCT_NAME = "$(TARGET_NAME)";
			};
			name = Release;
		};
/* End XCBuildConfiguration section */

/* Begin XCConfigurationList section */
		9FF235BF1CF5DE9F0007935A /* Build configuration list for PBXProject "autolayout exercise" */ = {
			isa = XCConfigurationList;
			buildConfigurations = (
				9FF235D41CF5DE9F0007935A /* Debug */,
				9FF235D51CF5DE9F0007935A /* Release */,
			);
			defaultConfigurationIsVisible = 0;
			defaultConfigurationName = Release;
		};
		9FF235D61CF5DE9F0007935A /* Build configuration list for PBXNativeTarget "autolayout exercise" */ = {
			isa = XCConfigurationList;
			buildConfigurations = (
				9FF235D71CF5DE9F0007935A /* Debug */,
				9FF235D81CF5DE9F0007935A /* Release */,
			);
			defaultConfigurationIsVisible = 0;
		};
/* End XCConfigurationList section */
	};
	rootObject = 9FF235BC1CF5DE9F0007935A /* Project object */;
}
